
Microsoft Visual Studio Solution File, Format Version 12.00
# Visual Studio 2013
VisualStudioVersion = 12.0.21005.1
MinimumVisualStudioVersion = 10.0.40219.1
Project("{FAE04EC0-301F-11D3-BF4B-00C04F79EFBC}") = "EnumDemo", "EnumDemo\EnumDemo.csproj", "{26625112-EEA0-4033-914F-6BD4C481AC1F}"
EndProject
Project("{FAE04EC0-301F-11D3-BF4B-00C04F79EFBC}") = "ApiDemo", "ApiDemo\ApiDemo.csproj", "{B3AFEA72-5AA0-4FFB-8796-29ED57396A19}"
EndProject
Project("{FAE04EC0-301F-11D3-BF4B-00C04F79EFBC}") = "ApiFramework", "ApiFramework\ApiFramework.csproj", "{38A41AA4-4E0C-42A6-BD63-E63EDB865C11}"
EndProject
Project("{FAE04EC0-301F-11D3-BF4B-00C04F79EFBC}") = "Controller", "Controller\Controller.csproj", "{6AD969F6-7172-438E-BEA4-5FC98BF37692}"
EndProject
Project("{F088123C-0E9E-452A-89E6-6BA2F21D5CAC}") = "ApiModel", "ApiModel\ApiModel.modelproj", "{5DAC25F3-3926-4191-A6F2-D2A57280A715}"
EndProject
Project("{FAE04EC0-301F-11D3-BF4B-00C04F79EFBC}") = "ApiTest", "ApiTest\ApiTest.csproj", "{296D5D00-372B-4639-88D1-A2483E098AF8}"
EndProject
Project("{FAE04EC0-301F-11D3-BF4B-00C04F79EFBC}") = "ShawdowSockTool", "ShawdowSockTool\ShawdowSockTool.csproj", "{93401374-C081-4DBC-8041-4667D75DBC68}"
EndProject
Project("{FAE04EC0-301F-11D3-BF4B-00C04F79EFBC}") = "TaskDemo", "TaskDemo\TaskDemo.csproj", "{C0A4FF53-18D2-4937-908B-9ED2FF7E98EC}"
EndProject
Project("{E24C65DC-7377-472B-9ABA-BC803B73C61A}") = "webapp", "http://localhost:60391", "{D3926EF6-2618-4384-8B24-0F322A9B9320}"
	ProjectSection(WebsiteProperties) = preProject
		UseIISExpress = "true"
		TargetFrameworkMoniker = ".NETFramework,Version%3Dv4.0"
		ProjectReferences = "{38a41aa4-4e0c-42a6-bd63-e63edb865c11}|ApiFramework.dll;{6ad969f6-7172-438e-bea4-5fc98bf37692}|Controller.dll;"
		Debug.AspNetCompiler.VirtualPath = "/localhost_60391"
		Debug.AspNetCompiler.PhysicalPath = "webapp\"
		Debug.AspNetCompiler.TargetPath = "PrecompiledWeb\localhost_60391\"
		Debug.AspNetCompiler.Updateable = "true"
		Debug.AspNetCompiler.ForceOverwrite = "true"
		Debug.AspNetCompiler.FixedNames = "false"
		Debug.AspNetCompiler.Debug = "True"
		Release.AspNetCompiler.VirtualPath = "/localhost_60391"
		Release.AspNetCompiler.PhysicalPath = "webapp\"
		Release.AspNetCompiler.TargetPath = "PrecompiledWeb\localhost_60391\"
		Release.AspNetCompiler.Updateable = "true"
		Release.AspNetCompiler.ForceOverwrite = "true"
		Release.AspNetCompiler.FixedNames = "false"
		Release.AspNetCompiler.Debug = "False"
		SlnRelativePath = "webapp\"
		DefaultWebSiteLanguage = "Visual C#"
	EndProjectSection
EndProject
Project("{FAE04EC0-301F-11D3-BF4B-00C04F79EFBC}") = "ClearRedis", "ClearRedis\ClearRedis.csproj", "{AD36FD96-AD52-454B-BD56-38114DD7998A}"
EndProject
Project("{FAE04EC0-301F-11D3-BF4B-00C04F79EFBC}") = "Test", "Test\Test.csproj", "{A144F0B8-9BB0-47D9-AC8B-C2F4CF7E1870}"
EndProject
Project("{FAE04EC0-301F-11D3-BF4B-00C04F79EFBC}") = "IEnumerableDemo", "IEnumerableDemo\IEnumerableDemo.csproj", "{1546C9DD-E852-414F-8161-E003E3D2A6B8}"
EndProject
Project("{FAE04EC0-301F-11D3-BF4B-00C04F79EFBC}") = "CLRViaDemo", "CLRViaDemo\CLRViaDemo.csproj", "{190C010F-6910-4EAE-AF6C-ECE351CC858A}"
EndProject
Global
	GlobalSection(SolutionConfigurationPlatforms) = preSolution
		Debug|Any CPU = Debug|Any CPU
		Release|Any CPU = Release|Any CPU
	EndGlobalSection
	GlobalSection(ProjectConfigurationPlatforms) = postSolution
		{26625112-EEA0-4033-914F-6BD4C481AC1F}.Debug|Any CPU.ActiveCfg = Debug|Any CPU
		{26625112-EEA0-4033-914F-6BD4C481AC1F}.Debug|Any CPU.Build.0 = Debug|Any CPU
		{26625112-EEA0-4033-914F-6BD4C481AC1F}.Release|Any CPU.ActiveCfg = Release|Any CPU
		{26625112-EEA0-4033-914F-6BD4C481AC1F}.Release|Any CPU.Build.0 = Release|Any CPU
		{B3AFEA72-5AA0-4FFB-8796-29ED57396A19}.Debug|Any CPU.ActiveCfg = Debug|Any CPU
		{B3AFEA72-5AA0-4FFB-8796-29ED57396A19}.Debug|Any CPU.Build.0 = Debug|Any CPU
		{B3AFEA72-5AA0-4FFB-8796-29ED57396A19}.Release|Any CPU.ActiveCfg = Release|Any CPU
		{B3AFEA72-5AA0-4FFB-8796-29ED57396A19}.Release|Any CPU.Build.0 = Release|Any CPU
		{38A41AA4-4E0C-42A6-BD63-E63EDB865C11}.Debug|Any CPU.ActiveCfg = Debug|Any CPU
		{38A41AA4-4E0C-42A6-BD63-E63EDB865C11}.Debug|Any CPU.Build.0 = Debug|Any CPU
		{38A41AA4-4E0C-42A6-BD63-E63EDB865C11}.Release|Any CPU.ActiveCfg = Release|Any CPU
		{38A41AA4-4E0C-42A6-BD63-E63EDB865C11}.Release|Any CPU.Build.0 = Release|Any CPU
		{6AD969F6-7172-438E-BEA4-5FC98BF37692}.Debug|Any CPU.ActiveCfg = Debug|Any CPU
		{6AD969F6-7172-438E-BEA4-5FC98BF37692}.Debug|Any CPU.Build.0 = Debug|Any CPU
		{6AD969F6-7172-438E-BEA4-5FC98BF37692}.Release|Any CPU.ActiveCfg = Release|Any CPU
		{6AD969F6-7172-438E-BEA4-5FC98BF37692}.Release|Any CPU.Build.0 = Release|Any CPU
		{5DAC25F3-3926-4191-A6F2-D2A57280A715}.Debug|Any CPU.ActiveCfg = Debug|Any CPU
		{5DAC25F3-3926-4191-A6F2-D2A57280A715}.Debug|Any CPU.Build.0 = Debug|Any CPU
		{5DAC25F3-3926-4191-A6F2-D2A57280A715}.Release|Any CPU.ActiveCfg = Release|Any CPU
		{5DAC25F3-3926-4191-A6F2-D2A57280A715}.Release|Any CPU.Build.0 = Release|Any CPU
		{296D5D00-372B-4639-88D1-A2483E098AF8}.Debug|Any CPU.ActiveCfg = Debug|Any CPU
		{296D5D00-372B-4639-88D1-A2483E098AF8}.Debug|Any CPU.Build.0 = Debug|Any CPU
		{296D5D00-372B-4639-88D1-A2483E098AF8}.Release|Any CPU.ActiveCfg = Release|Any CPU
		{296D5D00-372B-4639-88D1-A2483E098AF8}.Release|Any CPU.Build.0 = Release|Any CPU
		{93401374-C081-4DBC-8041-4667D75DBC68}.Debug|Any CPU.ActiveCfg = Debug|Any CPU
		{93401374-C081-4DBC-8041-4667D75DBC68}.Debug|Any CPU.Build.0 = Debug|Any CPU
		{93401374-C081-4DBC-8041-4667D75DBC68}.Release|Any CPU.ActiveCfg = Release|Any CPU
		{93401374-C081-4DBC-8041-4667D75DBC68}.Release|Any CPU.Build.0 = Release|Any CPU
		{C0A4FF53-18D2-4937-908B-9ED2FF7E98EC}.Debug|Any CPU.ActiveCfg = Debug|Any CPU
		{C0A4FF53-18D2-4937-908B-9ED2FF7E98EC}.Debug|Any CPU.Build.0 = Debug|Any CPU
		{C0A4FF53-18D2-4937-908B-9ED2FF7E98EC}.Release|Any CPU.ActiveCfg = Release|Any CPU
		{C0A4FF53-18D2-4937-908B-9ED2FF7E98EC}.Release|Any CPU.Build.0 = Release|Any CPU
		{D3926EF6-2618-4384-8B24-0F322A9B9320}.Debug|Any CPU.ActiveCfg = Debug|Any CPU
		{D3926EF6-2618-4384-8B24-0F322A9B9320}.Debug|Any CPU.Build.0 = Debug|Any CPU
		{D3926EF6-2618-4384-8B24-0F322A9B9320}.Release|Any CPU.ActiveCfg = Debug|Any CPU
		{D3926EF6-2618-4384-8B24-0F322A9B9320}.Release|Any CPU.Build.0 = Debug|Any CPU
		{AD36FD96-AD52-454B-BD56-38114DD7998A}.Debug|Any CPU.ActiveCfg = Debug|Any CPU
		{AD36FD96-AD52-454B-BD56-38114DD7998A}.Debug|Any CPU.Build.0 = Debug|Any CPU
		{AD36FD96-AD52-454B-BD56-38114DD7998A}.Release|Any CPU.ActiveCfg = Release|Any CPU
		{AD36FD96-AD52-454B-BD56-38114DD7998A}.Release|Any CPU.Build.0 = Release|Any CPU
		{A144F0B8-9BB0-47D9-AC8B-C2F4CF7E1870}.Debug|Any CPU.ActiveCfg = Debug|Any CPU
		{A144F0B8-9BB0-47D9-AC8B-C2F4CF7E1870}.Debug|Any CPU.Build.0 = Debug|Any CPU
		{A144F0B8-9BB0-47D9-AC8B-C2F4CF7E1870}.Release|Any CPU.ActiveCfg = Release|Any CPU
		{A144F0B8-9BB0-47D9-AC8B-C2F4CF7E1870}.Release|Any CPU.Build.0 = Release|Any CPU
		{1546C9DD-E852-414F-8161-E003E3D2A6B8}.Debug|Any CPU.ActiveCfg = Debug|Any CPU
		{1546C9DD-E852-414F-8161-E003E3D2A6B8}.Debug|Any CPU.Build.0 = Debug|Any CPU
		{1546C9DD-E852-414F-8161-E003E3D2A6B8}.Release|Any CPU.ActiveCfg = Release|Any CPU
		{1546C9DD-E852-414F-8161-E003E3D2A6B8}.Release|Any CPU.Build.0 = Release|Any CPU
		{190C010F-6910-4EAE-AF6C-ECE351CC858A}.Debug|Any CPU.ActiveCfg = Debug|Any CPU
		{190C010F-6910-4EAE-AF6C-ECE351CC858A}.Debug|Any CPU.Build.0 = Debug|Any CPU
		{190C010F-6910-4EAE-AF6C-ECE351CC858A}.Release|Any CPU.ActiveCfg = Release|Any CPU
		{190C010F-6910-4EAE-AF6C-ECE351CC858A}.Release|Any CPU.Build.0 = Release|Any CPU
	EndGlobalSection
	GlobalSection(SolutionProperties) = preSolution
		HideSolutionNode = FALSE
	EndGlobalSection
EndGlobal
